{
  "originHash" : "81045b5dcc00dcb4a19f0915e427e37d7e39526c748fd9bcb0d728acd1c3e43b",
  "pins" : [
    {
      "identity" : "cryptoswift",
      "kind" : "remoteSourceControl",
      "location" : "https://github.com/krzyzanowskim/CryptoSwift",
      "state" : {
        "revision" : "678d442c6f7828def400a70ae15968aef67ef52d",
        "version" : "1.8.3"
      }
    }
  ],
  "version" : 3
}
