// !$*UTF8*$!
{
	archiveVersion = 1;
	classes = {
	};
	objectVersion = 77;
	objects = {

/* Begin PBXBuildFile section */
		582DDEAB2CF36B5A002D8804 /* CryptoSwift in Frameworks */ = {isa = PBXBuildFile; productRef = 582DDEAA2CF36B5A002D8804 /* CryptoSwift */; };
/* End PBXBuildFile section */

/* Begin PBXContainerItemProxy section */
		58B23A3E2CE5146D00249298 /* PBXContainerItemProxy */ = {
			isa = PBXContainerItemProxy;
			containerPortal = 58B23A252CE5146B00249298 /* Project object */;
			proxyType = 1;
			remoteGlobalIDString = 58B23A2C2CE5146B00249298;
			remoteInfo = Steganography;
		};
		58B23A482CE5146D00249298 /* PBXContainerItemProxy */ = {
			isa = PBXContainerItemProxy;
			containerPortal = 58B23A252CE5146B00249298 /* Project object */;
			proxyType = 1;
			remoteGlobalIDString = 58B23A2C2CE5146B00249298;
			remoteInfo = Steganography;
		};
/* End PBXContainerItemProxy section */

/* Begin PBXFileReference section */
		58B23A2D2CE5146B00249298 /* Steganography.app */ = {isa = PBXFileReference; explicitFileType = wrapper.application; includeInIndex = 0; path = Steganography.app; sourceTree = BUILT_PRODUCTS_DIR; };
		58B23A3D2CE5146D00249298 /* SteganographyTests.xctest */ = {isa = PBXFileReference; explicitFileType = wrapper.cfbundle; includeInIndex = 0; path = SteganographyTests.xctest; sourceTree = BUILT_PRODUCTS_DIR; };
		58B23A472CE5146D00249298 /* SteganographyUITests.xctest */ = {isa = PBXFileReference; explicitFileType = wrapper.cfbundle; includeInIndex = 0; path = SteganographyUITests.xctest; sourceTree = BUILT_PRODUCTS_DIR; };
/* End PBXFileReference section */

/* Begin PBXFileSystemSynchronizedRootGroup section */
		58B23A2F2CE5146B00249298 /* Steganography */ = {
			isa = PBXFileSystemSynchronizedRootGroup;
			path = Steganography;
			sourceTree = "<group>";
		};
		58B23A402CE5146D00249298 /* SteganographyTests */ = {
			isa = PBXFileSystemSynchronizedRootGroup;
			path = SteganographyTests;
			sourceTree = "<group>";
		};
		58B23A4A2CE5146D00249298 /* SteganographyUITests */ = {
			isa = PBXFileSystemSynchronizedRootGroup;
			path = SteganographyUITests;
			sourceTree = "<group>";
		};
/* End PBXFileSystemSynchronizedRootGroup section */

/* Begin PBXFrameworksBuildPhase section */
		58B23A2A2CE5146B00249298 /* Frameworks */ = {
			isa = PBXFrameworksBuildPhase;
			buildActionMask = 2147483647;
			files = (
				582DDEAB2CF36B5A002D8804 /* CryptoSwift in Frameworks */,
			);
			runOnlyForDeploymentPostprocessing = 0;
		};
		58B23A3A2CE5146D00249298 /* Frameworks */ = {
			isa = PBXFrameworksBuildPhase;
			buildActionMask = 2147483647;
			files = (
			);
			runOnlyForDeploymentPostprocessing = 0;
		};
		58B23A442CE5146D00249298 /* Frameworks */ = {
			isa = PBXFrameworksBuildPhase;
			buildActionMask = 2147483647;
			files = (
			);
			runOnlyForDeploymentPostprocessing = 0;
		};
/* End PBXFrameworksBuildPhase section */

/* Begin PBXGroup section */
		58B23A242CE5146B00249298 = {
			isa = PBXGroup;
			children = (
				58B23A402CE5146D00249298 /* SteganographyTests */,
				58B23A4A2CE5146D00249298 /* SteganographyUITests */,
				58B23A2E2CE5146B00249298 /* Products */,
				58B23A2F2CE5146B00249298 /* Steganography */,
			);
			sourceTree = "<group>";
		};
		58B23A2E2CE5146B00249298 /* Products */ = {
			isa = PBXGroup;
			children = (
				58B23A2D2CE5146B00249298 /* Steganography.app */,
				58B23A3D2CE5146D00249298 /* SteganographyTests.xctest */,
				58B23A472CE5146D00249298 /* SteganographyUITests.xctest */,
			);
			name = Products;
			sourceTree = "<group>";
		};
/* End PBXGroup section */

/* Begin PBXNativeTarget section */
		58B23A2C2CE5146B00249298 /* Steganography */ = {
			isa = PBXNativeTarget;
			buildConfigurationList = 58B23A512CE5146D00249298 /* Build configuration list for PBXNativeTarget "Steganography" */;
			buildPhases = (
				58B23A292CE5146B00249298 /* Sources */,
				58B23A2A2CE5146B00249298 /* Frameworks */,
				58B23A2B2CE5146B00249298 /* Resources */,
			);
			buildRules = (
			);
			dependencies = (
			);
			fileSystemSynchronizedGroups = (
				58B23A2F2CE5146B00249298 /* Steganography */,
			);
			name = Steganography;
			packageProductDependencies = (
				582DDEAA2CF36B5A002D8804 /* CryptoSwift */,
			);
			productName = Steganography;
			productReference = 58B23A2D2CE5146B00249298 /* Steganography.app */;
			productType = "com.apple.product-type.application";
		};
		58B23A3C2CE5146D00249298 /* SteganographyTests */ = {
			isa = PBXNativeTarget;
			buildConfigurationList = 58B23A542CE5146D00249298 /* Build configuration list for PBXNativeTarget "SteganographyTests" */;
			buildPhases = (
				58B23A392CE5146D00249298 /* Sources */,
				58B23A3A2CE5146D00249298 /* Frameworks */,
				58B23A3B2CE5146D00249298 /* Resources */,
			);
			buildRules = (
			);
			dependencies = (
				58B23A3F2CE5146D00249298 /* PBXTargetDependency */,
			);
			fileSystemSynchronizedGroups = (
				58B23A402CE5146D00249298 /* SteganographyTests */,
			);
			name = SteganographyTests;
			packageProductDependencies = (
			);
			productName = SteganographyTests;
			productReference = 58B23A3D2CE5146D00249298 /* SteganographyTests.xctest */;
			productType = "com.apple.product-type.bundle.unit-test";
		};
		58B23A462CE5146D00249298 /* SteganographyUITests */ = {
			isa = PBXNativeTarget;
			buildConfigurationList = 58B23A572CE5146D00249298 /* Build configuration list for PBXNativeTarget "SteganographyUITests" */;
			buildPhases = (
				58B23A432CE5146D00249298 /* Sources */,
				58B23A442CE5146D00249298 /* Frameworks */,
				58B23A452CE5146D00249298 /* Resources */,
			);
			buildRules = (
			);
			dependencies = (
				58B23A492CE5146D00249298 /* PBXTargetDependency */,
			);
			fileSystemSynchronizedGroups = (
				58B23A4A2CE5146D00249298 /* SteganographyUITests */,
			);
			name = SteganographyUITests;
			packageProductDependencies = (
			);
			productName = SteganographyUITests;
			productReference = 58B23A472CE5146D00249298 /* SteganographyUITests.xctest */;
			productType = "com.apple.product-type.bundle.ui-testing";
		};
/* End PBXNativeTarget section */

/* Begin PBXProject section */
		58B23A252CE5146B00249298 /* Project object */ = {
			isa = PBXProject;
			attributes = {
				BuildIndependentTargetsInParallel = 1;
				LastSwiftUpdateCheck = 1610;
				LastUpgradeCheck = 1610;
				TargetAttributes = {
					58B23A2C2CE5146B00249298 = {
						CreatedOnToolsVersion = 16.1;
					};
					58B23A3C2CE5146D00249298 = {
						CreatedOnToolsVersion = 16.1;
						TestTargetID = 58B23A2C2CE5146B00249298;
					};
					58B23A462CE5146D00249298 = {
						CreatedOnToolsVersion = 16.1;
						TestTargetID = 58B23A2C2CE5146B00249298;
					};
				};
			};
			buildConfigurationList = 58B23A282CE5146B00249298 /* Build configuration list for PBXProject "Steganography" */;
			developmentRegion = en;
			hasScannedForEncodings = 0;
			knownRegions = (
				en,
				Base,
			);
			mainGroup = 58B23A242CE5146B00249298;
			minimizedProjectReferenceProxies = 1;
			packageReferences = (
				582DDEA92CF36B5A002D8804 /* XCRemoteSwiftPackageReference "CryptoSwift" */,
			);
			preferredProjectObjectVersion = 77;
			productRefGroup = 58B23A2E2CE5146B00249298 /* Products */;
			projectDirPath = "";
			projectRoot = "";
			targets = (
				58B23A2C2CE5146B00249298 /* Steganography */,
				58B23A3C2CE5146D00249298 /* SteganographyTests */,
				58B23A462CE5146D00249298 /* SteganographyUITests */,
			);
		};
/* End PBXProject section */

/* Begin PBXResourcesBuildPhase section */
		58B23A2B2CE5146B00249298 /* Resources */ = {
			isa = PBXResourcesBuildPhase;
			buildActionMask = 2147483647;
			files = (
			);
			runOnlyForDeploymentPostprocessing = 0;
		};
		58B23A3B2CE5146D00249298 /* Resources */ = {
			isa = PBXResourcesBuildPhase;
			buildActionMask = 2147483647;
			files = (
			);
			runOnlyForDeploymentPostprocessing = 0;
		};
		58B23A452CE5146D00249298 /* Resources */ = {
			isa = PBXResourcesBuildPhase;
			buildActionMask = 2147483647;
			files = (
			);
			runOnlyForDeploymentPostprocessing = 0;
		};
/* End PBXResourcesBuildPhase section */

/* Begin PBXSourcesBuildPhase section */
		58B23A292CE5146B00249298 /* Sources */ = {
			isa = PBXSourcesBuildPhase;
			buildActionMask = 2147483647;
			files = (
			);
			runOnlyForDeploymentPostprocessing = 0;
		};
		58B23A392CE5146D00249298 /* Sources */ = {
			isa = PBXSourcesBuildPhase;
			buildActionMask = 2147483647;
			files = (
			);
			runOnlyForDeploymentPostprocessing = 0;
		};
		58B23A432CE5146D00249298 /* Sources */ = {
			isa = PBXSourcesBuildPhase;
			buildActionMask = 2147483647;
			files = (
			);
			runOnlyForDeploymentPostprocessing = 0;
		};
/* End PBXSourcesBuildPhase section */

/* Begin PBXTargetDependency section */
		58B23A3F2CE5146D00249298 /* PBXTargetDependency */ = {
			isa = PBXTargetDependency;
			target = 58B23A2C2CE5146B00249298 /* Steganography */;
			targetProxy = 58B23A3E2CE5146D00249298 /* PBXContainerItemProxy */;
		};
		58B23A492CE5146D00249298 /* PBXTargetDependency */ = {
			isa = PBXTargetDependency;
			target = 58B23A2C2CE5146B00249298 /* Steganography */;
			targetProxy = 58B23A482CE5146D00249298 /* PBXContainerItemProxy */;
		};
/* End PBXTargetDependency section */

/* Begin XCBuildConfiguration section */
		58B23A4F2CE5146D00249298 /* Debug */ = {
			isa = XCBuildConfiguration;
			buildSettings = {
				ALWAYS_SEARCH_USER_PATHS = NO;
				ASSETCATALOG_COMPILER_GENERATE_SWIFT_ASSET_SYMBOL_EXTENSIONS = YES;
				CLANG_ANALYZER_NONNULL = YES;
				CLANG_ANALYZER_NUMBER_OBJECT_CONVERSION = YES_AGGRESSIVE;
				CLANG_CXX_LANGUAGE_STANDARD = "gnu++20";
				CLANG_ENABLE_MODULES = YES;
				CLANG_ENABLE_OBJC_ARC = YES;
				CLANG_ENABLE_OBJC_WEAK = YES;
				CLANG_WARN_BLOCK_CAPTURE_AUTORELEASING = YES;
				CLANG_WARN_BOOL_CONVERSION = YES;
				CLANG_WARN_COMMA = YES;
				CLANG_WARN_CONSTANT_CONVERSION = YES;
				CLANG_WARN_DEPRECATED_OBJC_IMPLEMENTATIONS = YES;
				CLANG_WARN_DIRECT_OBJC_ISA_USAGE = YES_ERROR;
				CLANG_WARN_DOCUMENTATION_COMMENTS = YES;
				CLANG_WARN_EMPTY_BODY = YES;
				CLANG_WARN_ENUM_CONVERSION = YES;
				CLANG_WARN_INFINITE_RECURSION = YES;
				CLANG_WARN_INT_CONVERSION = YES;
				CLANG_WARN_NON_LITERAL_NULL_CONVERSION = YES;
				CLANG_WARN_OBJC_IMPLICIT_RETAIN_SELF = YES;
				CLANG_WARN_OBJC_LITERAL_CONVERSION = YES;
				CLANG_WARN_OBJC_ROOT_CLASS = YES_ERROR;
				CLANG_WARN_QUOTED_INCLUDE_IN_FRAMEWORK_HEADER = YES;
				CLANG_WARN_RANGE_LOOP_ANALYSIS = YES;
				CLANG_WARN_STRICT_PROTOTYPES = YES;
				CLANG_WARN_SUSPICIOUS_MOVE = YES;
				CLANG_WARN_UNGUARDED_AVAILABILITY = YES_AGGRESSIVE;
				CLANG_WARN_UNREACHABLE_CODE = YES;
				CLANG_WARN__DUPLICATE_METHOD_MATCH = YES;
				COPY_PHASE_STRIP = NO;
				DEBUG_INFORMATION_FORMAT = dwarf;
				ENABLE_STRICT_OBJC_MSGSEND = YES;
				ENABLE_TESTABILITY = YES;
				ENABLE_USER_SCRIPT_SANDBOXING = YES;
				GCC_C_LANGUAGE_STANDARD = gnu17;
				GCC_DYNAMIC_NO_PIC = NO;
				GCC_NO_COMMON_BLOCKS = YES;
				GCC_OPTIMIZATION_LEVEL = 0;
				GCC_PREPROCESSOR_DEFINITIONS = (
					"DEBUG=1",
					"$(inherited)",
				);
				GCC_WARN_64_TO_32_BIT_CONVERSION = YES;
				GCC_WARN_ABOUT_RETURN_TYPE = YES_ERROR;
				GCC_WARN_UNDECLARED_SELECTOR = YES;
				GCC_WARN_UNINITIALIZED_AUTOS = YES_AGGRESSIVE;
				GCC_WARN_UNUSED_FUNCTION = YES;
				GCC_WARN_UNUSED_VARIABLE = YES;
				IPHONEOS_DEPLOYMENT_TARGET = 18.1;
				LOCALIZATION_PREFERS_STRING_CATALOGS = YES;
				MTL_ENABLE_DEBUG_INFO = INCLUDE_SOURCE;
				MTL_FAST_MATH = YES;
				ONLY_ACTIVE_ARCH = YES;
				SDKROOT = iphoneos;
				SWIFT_ACTIVE_COMPILATION_CONDITIONS = "DEBUG $(inherited)";
				SWIFT_OPTIMIZATION_LEVEL = "-Onone";
			};
			name = Debug;
		};
		58B23A502CE5146D00249298 /* Release */ = {
			isa = XCBuildConfiguration;
			buildSettings = {
				ALWAYS_SEARCH_USER_PATHS = NO;
				ASSETCATALOG_COMPILER_GENERATE_SWIFT_ASSET_SYMBOL_EXTENSIONS = YES;
				CLANG_ANALYZER_NONNULL = YES;
				CLANG_ANALYZER_NUMBER_OBJECT_CONVERSION = YES_AGGRESSIVE;
				CLANG_CXX_LANGUAGE_STANDARD = "gnu++20";
				CLANG_ENABLE_MODULES = YES;
				CLANG_ENABLE_OBJC_ARC = YES;
				CLANG_ENABLE_OBJC_WEAK = YES;
				CLANG_WARN_BLOCK_CAPTURE_AUTORELEASING = YES;
				CLANG_WARN_BOOL_CONVERSION = YES;
				CLANG_WARN_COMMA = YES;
				CLANG_WARN_CONSTANT_CONVERSION = YES;
				CLANG_WARN_DEPRECATED_OBJC_IMPLEMENTATIONS = YES;
				CLANG_WARN_DIRECT_OBJC_ISA_USAGE = YES_ERROR;
				CLANG_WARN_DOCUMENTATION_COMMENTS = YES;
				CLANG_WARN_EMPTY_BODY = YES;
				CLANG_WARN_ENUM_CONVERSION = YES;
				CLANG_WARN_INFINITE_RECURSION = YES;
				CLANG_WARN_INT_CONVERSION = YES;
				CLANG_WARN_NON_LITERAL_NULL_CONVERSION = YES;
				CLANG_WARN_OBJC_IMPLICIT_RETAIN_SELF = YES;
				CLANG_WARN_OBJC_LITERAL_CONVERSION = YES;
				CLANG_WARN_OBJC_ROOT_CLASS = YES_ERROR;
				CLANG_WARN_QUOTED_INCLUDE_IN_FRAMEWORK_HEADER = YES;
				CLANG_WARN_RANGE_LOOP_ANALYSIS = YES;
				CLANG_WARN_STRICT_PROTOTYPES = YES;
				CLANG_WARN_SUSPICIOUS_MOVE = YES;
				CLANG_WARN_UNGUARDED_AVAILABILITY = YES_AGGRESSIVE;
				CLANG_WARN_UNREACHABLE_CODE = YES;
				CLANG_WARN__DUPLICATE_METHOD_MATCH = YES;
				COPY_PHASE_STRIP = NO;
				DEBUG_INFORMATION_FORMAT = "dwarf-with-dsym";
				ENABLE_NS_ASSERTIONS = NO;
				ENABLE_STRICT_OBJC_MSGSEND = YES;
				ENABLE_USER_SCRIPT_SANDBOXING = YES;
				GCC_C_LANGUAGE_STANDARD = gnu17;
				GCC_NO_COMMON_BLOCKS = YES;
				GCC_WARN_64_TO_32_BIT_CONVERSION = YES;
				GCC_WARN_ABOUT_RETURN_TYPE = YES_ERROR;
				GCC_WARN_UNDECLARED_SELECTOR = YES;
				GCC_WARN_UNINITIALIZED_AUTOS = YES_AGGRESSIVE;
				GCC_WARN_UNUSED_FUNCTION = YES;
				GCC_WARN_UNUSED_VARIABLE = YES;
				IPHONEOS_DEPLOYMENT_TARGET = 18.1;
				LOCALIZATION_PREFERS_STRING_CATALOGS = YES;
				MTL_ENABLE_DEBUG_INFO = NO;
				MTL_FAST_MATH = YES;
				SDKROOT = iphoneos;
				SWIFT_COMPILATION_MODE = wholemodule;
				VALIDATE_PRODUCT = YES;
			};
			name = Release;
		};
		58B23A522CE5146D00249298 /* Debug */ = {
			isa = XCBuildConfiguration;
			buildSettings = {
				ASSETCATALOG_COMPILER_APPICON_NAME = AppIcon;
				ASSETCATALOG_COMPILER_GLOBAL_ACCENT_COLOR_NAME = AccentColor;
				CODE_SIGN_STYLE = Automatic;
				CURRENT_PROJECT_VERSION = 1;
				DEVELOPMENT_ASSET_PATHS = "\"Steganography/Preview Content\"";
				DEVELOPMENT_TEAM = SM396Z3QTU;
				ENABLE_PREVIEWS = YES;
				GENERATE_INFOPLIST_FILE = YES;
				INFOPLIST_KEY_NSPhotoLibraryAddUsageDescription = "이미지를 저장하려면, 사진 라이브러리에 접근해야합니다.";
				INFOPLIST_KEY_UIApplicationSceneManifest_Generation = YES;
				INFOPLIST_KEY_UIApplicationSupportsIndirectInputEvents = YES;
				INFOPLIST_KEY_UILaunchScreen_Generation = YES;
				INFOPLIST_KEY_UISupportedInterfaceOrientations_iPad = "UIInterfaceOrientationPortrait UIInterfaceOrientationPortraitUpsideDown UIInterfaceOrientationLandscapeLeft UIInterfaceOrientationLandscapeRight";
				INFOPLIST_KEY_UISupportedInterfaceOrientations_iPhone = "UIInterfaceOrientationPortrait UIInterfaceOrientationLandscapeLeft UIInterfaceOrientationLandscapeRight";
				LD_RUNPATH_SEARCH_PATHS = (
					"$(inherited)",
					"@executable_path/Frameworks",
				);
				MARKETING_VERSION = 1.0;
				PRODUCT_BUNDLE_IDENTIFIER = io.github.sooakim.Steganography;
				PRODUCT_NAME = "$(TARGET_NAME)";
				SWIFT_EMIT_LOC_STRINGS = YES;
				SWIFT_VERSION = 5.0;
				TARGETED_DEVICE_FAMILY = "1,2";
			};
			name = Debug;
		};
		58B23A532CE5146D00249298 /* Release */ = {
			isa = XCBuildConfiguration;
			buildSettings = {
				ASSETCATALOG_COMPILER_APPICON_NAME = AppIcon;
				ASSETCATALOG_COMPILER_GLOBAL_ACCENT_COLOR_NAME = AccentColor;
				CODE_SIGN_STYLE = Automatic;
				CURRENT_PROJECT_VERSION = 1;
				DEVELOPMENT_ASSET_PATHS = "\"Steganography/Preview Content\"";
				DEVELOPMENT_TEAM = SM396Z3QTU;
				ENABLE_PREVIEWS = YES;
				GENERATE_INFOPLIST_FILE = YES;
				INFOPLIST_KEY_NSPhotoLibraryAddUsageDescription = "이미지를 저장하려면, 사진 라이브러리에 접근해야합니다.";
				INFOPLIST_KEY_UIApplicationSceneManifest_Generation = YES;
				INFOPLIST_KEY_UIApplicationSupportsIndirectInputEvents = YES;
				INFOPLIST_KEY_UILaunchScreen_Generation = YES;
				INFOPLIST_KEY_UISupportedInterfaceOrientations_iPad = "UIInterfaceOrientationPortrait UIInterfaceOrientationPortraitUpsideDown UIInterfaceOrientationLandscapeLeft UIInterfaceOrientationLandscapeRight";
				INFOPLIST_KEY_UISupportedInterfaceOrientations_iPhone = "UIInterfaceOrientationPortrait UIInterfaceOrientationLandscapeLeft UIInterfaceOrientationLandscapeRight";
				LD_RUNPATH_SEARCH_PATHS = (
					"$(inherited)",
					"@executable_path/Frameworks",
				);
				MARKETING_VERSION = 1.0;
				PRODUCT_BUNDLE_IDENTIFIER = io.github.sooakim.Steganography;
				PRODUCT_NAME = "$(TARGET_NAME)";
				SWIFT_EMIT_LOC_STRINGS = YES;
				SWIFT_VERSION = 5.0;
				TARGETED_DEVICE_FAMILY = "1,2";
			};
			name = Release;
		};
		58B23A552CE5146D00249298 /* Debug */ = {
			isa = XCBuildConfiguration;
			buildSettings = {
				BUNDLE_LOADER = "$(TEST_HOST)";
				CODE_SIGN_STYLE = Automatic;
				CURRENT_PROJECT_VERSION = 1;
				DEVELOPMENT_TEAM = SM396Z3QTU;
				GENERATE_INFOPLIST_FILE = YES;
				IPHONEOS_DEPLOYMENT_TARGET = 18.1;
				MARKETING_VERSION = 1.0;
				PRODUCT_BUNDLE_IDENTIFIER = io.github.sooakim.SteganographyTests;
				PRODUCT_NAME = "$(TARGET_NAME)";
				SWIFT_EMIT_LOC_STRINGS = NO;
				SWIFT_VERSION = 5.0;
				TARGETED_DEVICE_FAMILY = "1,2";
				TEST_HOST = "$(BUILT_PRODUCTS_DIR)/Steganography.app/$(BUNDLE_EXECUTABLE_FOLDER_PATH)/Steganography";
			};
			name = Debug;
		};
		58B23A562CE5146D00249298 /* Release */ = {
			isa = XCBuildConfiguration;
			buildSettings = {
				BUNDLE_LOADER = "$(TEST_HOST)";
				CODE_SIGN_STYLE = Automatic;
				CURRENT_PROJECT_VERSION = 1;
				DEVELOPMENT_TEAM = SM396Z3QTU;
				GENERATE_INFOPLIST_FILE = YES;
				IPHONEOS_DEPLOYMENT_TARGET = 18.1;
				MARKETING_VERSION = 1.0;
				PRODUCT_BUNDLE_IDENTIFIER = io.github.sooakim.SteganographyTests;
				PRODUCT_NAME = "$(TARGET_NAME)";
				SWIFT_EMIT_LOC_STRINGS = NO;
				SWIFT_VERSION = 5.0;
				TARGETED_DEVICE_FAMILY = "1,2";
				TEST_HOST = "$(BUILT_PRODUCTS_DIR)/Steganography.app/$(BUNDLE_EXECUTABLE_FOLDER_PATH)/Steganography";
			};
			name = Release;
		};
		58B23A582CE5146D00249298 /* Debug */ = {
			isa = XCBuildConfiguration;
			buildSettings = {
				CODE_SIGN_STYLE = Automatic;
				CURRENT_PROJECT_VERSION = 1;
				DEVELOPMENT_TEAM = SM396Z3QTU;
				GENERATE_INFOPLIST_FILE = YES;
				MARKETING_VERSION = 1.0;
				PRODUCT_BUNDLE_IDENTIFIER = io.github.sooakim.SteganographyUITests;
				PRODUCT_NAME = "$(TARGET_NAME)";
				SWIFT_EMIT_LOC_STRINGS = NO;
				SWIFT_VERSION = 5.0;
				TARGETED_DEVICE_FAMILY = "1,2";
				TEST_TARGET_NAME = Steganography;
			};
			name = Debug;
		};
		58B23A592CE5146D00249298 /* Release */ = {
			isa = XCBuildConfiguration;
			buildSettings = {
				CODE_SIGN_STYLE = Automatic;
				CURRENT_PROJECT_VERSION = 1;
				DEVELOPMENT_TEAM = SM396Z3QTU;
				GENERATE_INFOPLIST_FILE = YES;
				MARKETING_VERSION = 1.0;
				PRODUCT_BUNDLE_IDENTIFIER = io.github.sooakim.SteganographyUITests;
				PRODUCT_NAME = "$(TARGET_NAME)";
				SWIFT_EMIT_LOC_STRINGS = NO;
				SWIFT_VERSION = 5.0;
				TARGETED_DEVICE_FAMILY = "1,2";
				TEST_TARGET_NAME = Steganography;
			};
			name = Release;
		};
/* End XCBuildConfiguration section */

/* Begin XCConfigurationList section */
		58B23A282CE5146B00249298 /* Build configuration list for PBXProject "Steganography" */ = {
			isa = XCConfigurationList;
			buildConfigurations = (
				58B23A4F2CE5146D00249298 /* Debug */,
				58B23A502CE5146D00249298 /* Release */,
			);
			defaultConfigurationIsVisible = 0;
			defaultConfigurationName = Release;
		};
		58B23A512CE5146D00249298 /* Build configuration list for PBXNativeTarget "Steganography" */ = {
			isa = XCConfigurationList;
			buildConfigurations = (
				58B23A522CE5146D00249298 /* Debug */,
				58B23A532CE5146D00249298 /* Release */,
			);
			defaultConfigurationIsVisible = 0;
			defaultConfigurationName = Release;
		};
		58B23A542CE5146D00249298 /* Build configuration list for PBXNativeTarget "SteganographyTests" */ = {
			isa = XCConfigurationList;
			buildConfigurations = (
				58B23A552CE5146D00249298 /* Debug */,
				58B23A562CE5146D00249298 /* Release */,
			);
			defaultConfigurationIsVisible = 0;
			defaultConfigurationName = Release;
		};
		58B23A572CE5146D00249298 /* Build configuration list for PBXNativeTarget "SteganographyUITests" */ = {
			isa = XCConfigurationList;
			buildConfigurations = (
				58B23A582CE5146D00249298 /* Debug */,
				58B23A592CE5146D00249298 /* Release */,
			);
			defaultConfigurationIsVisible = 0;
			defaultConfigurationName = Release;
		};
/* End XCConfigurationList section */

/* Begin XCRemoteSwiftPackageReference section */
		582DDEA92CF36B5A002D8804 /* XCRemoteSwiftPackageReference "CryptoSwift" */ = {
			isa = XCRemoteSwiftPackageReference;
			repositoryURL = "https://github.com/krzyzanowskim/CryptoSwift";
			requirement = {
				kind = upToNextMajorVersion;
				minimumVersion = 1.8.3;
			};
		};
/* End XCRemoteSwiftPackageReference section */

/* Begin XCSwiftPackageProductDependency section */
		582DDEAA2CF36B5A002D8804 /* CryptoSwift */ = {
			isa = XCSwiftPackageProductDependency;
			package = 582DDEA92CF36B5A002D8804 /* XCRemoteSwiftPackageReference "CryptoSwift" */;
			productName = CryptoSwift;
		};
/* End XCSwiftPackageProductDependency section */
	};
	rootObject = 58B23A252CE5146B00249298 /* Project object */;
}
